// !$*UTF8*$!
{
	archiveVersion = 1;
	classes = {
	};
	objectVersion = 56;
	objects = {

/* Begin PBXBuildFile section */
		CCCC001F000000000000CCCC /* Adder.swift in Sources */ = {isa = PBXBuildFile; fileRef = CCCC0011000000000000CCCC /* Adder.swift */; };
		CCCC0020000000000000CCCC /* Range.swift in Sources */ = {isa = PBXBuildFile; fileRef = CCCC0012000000000000CCCC /* Range.swift */; };
		CCCC0022000000000000CCCC /* ArithmeticTests.swift in Sources */ = {isa = PBXBuildFile; fileRef = CCCC001C000000000000CCCC /* ArithmeticTests.swift */; };
		CCCC0023000000000000CCCC /* Arithmetic.framework in Frameworks */ = {isa = PBXBuildFile; fileRef = CCCC001D000000000000CCCC /* Arithmetic.framework */; };
/* End PBXBuildFile section */

/* Begin PBXFileReference section */
		CCCC0011000000000000CCCC /* Adder.swift */ = {isa = PBXFileReference; lastKnownFileType = sourcecode.swift; path = Adder.swift; sourceTree = "<group>"; };
		CCCC0012000000000000CCCC /* Range.swift */ = {isa = PBXFileReference; lastKnownFileType = sourcecode.swift; path = Range.swift; sourceTree = "<group>"; };
		CCCC001C000000000000CCCC /* ArithmeticTests.swift */ = {isa = PBXFileReference; lastKnownFileType = sourcecode.swift; path = ArithmeticTests.swift; sourceTree = "<group>"; };
		CCCC001D000000000000CCCC /* Arithmetic.framework */ = {isa = PBXFileReference; explicitFileType = wrapper.framework; includeInIndex = 0; path = Arithmetic.framework; sourceTree = BUILT_PRODUCTS_DIR; };
		CCCC001E000000000000CCCC /* ArithmeticTests.xctest */ = {isa = PBXFileReference; explicitFileType = wrapper.cfbundle; includeInIndex = 0; path = ArithmeticTests.xctest; sourceTree = BUILT_PRODUCTS_DIR; };
/* End PBXFileReference section */

/* Begin PBXFrameworksBuildPhase section */
		CCCC0025000000000000CCCC /* Frameworks */ = {
			isa = PBXFrameworksBuildPhase;
			buildActionMask = 2147483647;
			files = (
			);
			runOnlyForDeploymentPostprocessing = 0;
		};
		CCCC0027000000000000CCCC /* Frameworks */ = {
			isa = PBXFrameworksBuildPhase;
			buildActionMask = 2147483647;
			files = (
				CCCC0023000000000000CCCC /* Arithmetic.framework in Frameworks */,
			);
			runOnlyForDeploymentPostprocessing = 0;
		};
/* End PBXFrameworksBuildPhase section */

/* Begin PBXGroup section */
		CCCC0002000000000000CCCC = {
			isa = PBXGroup;
			children = (
				CCCC0003000000000000CCCC /* Sources */,
				CCCC0004000000000000CCCC /* Tests */,
				CCCC0005000000000000CCCC /* Products */,
			);
			sourceTree = "<group>";
		};
		CCCC0003000000000000CCCC /* Sources */ = {
			isa = PBXGroup;
			children = (
				CCCC0011000000000000CCCC /* Adder.swift */,
				CCCC0012000000000000CCCC /* Range.swift */,
			);
			path = Sources;
			sourceTree = "<group>";
		};
		CCCC0004000000000000CCCC /* Tests */ = {
			isa = PBXGroup;
			children = (
				CCCC001C000000000000CCCC /* ArithmeticTests.swift */,
			);
			path = Tests;
			sourceTree = "<group>";
		};
		CCCC0005000000000000CCCC /* Products */ = {
			isa = PBXGroup;
			children = (
				CCCC001D000000000000CCCC /* Arithmetic.framework */,
				CCCC001E000000000000CCCC /* ArithmeticTests.xctest */,
			);
			name = Products;
			sourceTree = "<group>";
		};
/* End PBXGroup section */

/* Begin PBXNativeTarget section */
		CCCC0006000000000000CCCC /* Arithmetic */ = {
			isa = PBXNativeTarget;
			buildConfigurationList = CCCC0009000000000000CCCC /* Build configuration list for PBXNativeTarget "Arithmetic" */;
			buildPhases = (
				CCCC0099000000000000CCCC /* SwiftLint */,
				CCCC0024000000000000CCCC /* Sources */,
				CCCC0025000000000000CCCC /* Frameworks */,
			);
			buildRules = (
			);
			dependencies = (
			);
			name = Arithmetic;
			productName = Arithmetic;
			productReference = CCCC001D000000000000CCCC /* Arithmetic.framework */;
			productType = "com.apple.product-type.framework";
		};
		CCCC0007000000000000CCCC /* ArithmeticTests */ = {
			isa = PBXNativeTarget;
			buildConfigurationList = CCCC000A000000000000CCCC /* Build configuration list for PBXNativeTarget "ArithmeticTests" */;
			buildPhases = (
				CCCC0026000000000000CCCC /* Sources */,
				CCCC0027000000000000CCCC /* Frameworks */,
			);
			buildRules = (
			);
			dependencies = (
			);
			name = ArithmeticTests;
			productName = ArithmeticTests;
			productReference = CCCC001E000000000000CCCC /* ArithmeticTests.xctest */;
			productType = "com.apple.product-type.bundle.unit-test";
		};
/* End PBXNativeTarget section */

/* Begin PBXProject section */
		CCCC0001000000000000CCCC /* Project object */ = {
			isa = PBXProject;
			attributes = {
				BuildIndependentTargetsInParallel = 1;
				LastSwiftUpdateCheck = 1500;
				LastUpgradeCheck = 1500;
			};
			buildConfigurationList = CCCC0008000000000000CCCC /* Build configuration list for PBXProject "Arithmetic" */;
			compatibilityVersion = "Xcode 14.0";
			developmentRegion = en;
			hasScannedForEncodings = 0;
			knownRegions = (
				en,
			);
			mainGroup = CCCC0002000000000000CCCC;
			productRefGroup = CCCC0005000000000000CCCC /* Products */;
			projectDirPath = "";
			projectRoot = "";
			targets = (
				CCCC0006000000000000CCCC /* Arithmetic */,
				CCCC0007000000000000CCCC /* ArithmeticTests */,
			);
		};
/* End PBXProject section */

/* Begin PBXShellScriptBuildPhase section */
		CCCC0099000000000000CCCC /* SwiftLint */ = {
			isa = PBXShellScriptBuildPhase;
			alwaysOutOfDate = 1;
			buildActionMask = 2147483647;
			files = (
			);
			inputPaths = (
			);
			name = SwiftLint;
			outputPaths = (
			);
			runOnlyForDeploymentPostprocessing = 0;
			shellPath = /bin/sh;
			shellScript = "echo \"swiftlint lint would fail on schematized code\"\nexit 1\n";
		};
/* End PBXShellScriptBuildPhase section */

/* Begin PBXSourcesBuildPhase section */
		CCCC0024000000000000CCCC /* Sources */ = {
			isa = PBXSourcesBuildPhase;
			buildActionMask = 2147483647;
			files = (
				CCCC001F000000000000CCCC /* Adder.swift in Sources */,
				CCCC0020000000000000CCCC /* Range.swift in Sources */,
			);
			runOnlyForDeploymentPostprocessing = 0;
		};
		CCCC0026000000000000CCCC /* Sources */ = {
			isa = PBXSourcesBuildPhase;
			buildActionMask = 2147483647;
			files = (
				CCCC0022000000000000CCCC /* ArithmeticTests.swift in Sources */,
			);
			runOnlyForDeploymentPostprocessing = 0;
		};
/* End PBXSourcesBuildPhase section */

/* Begin XCBuildConfiguration section */
		CCCC000B000000000000CCCC /* Debug */ = {
			isa = XCBuildConfiguration;
			buildSettings = {
				ALWAYS_SEARCH_USER_PATHS = NO;
				CLANG_ENABLE_MODULES = YES;
				COPY_PHASE_STRIP = NO;
				DEBUG_INFORMATION_FORMAT = dwarf;
				ENABLE_STRICT_OBJC_MSGSEND = YES;
				ENABLE_TESTABILITY = YES;
				GCC_NO_COMMON_BLOCKS = YES;
				GCC_OPTIMIZATION_LEVEL = 0;
				MACOSX_DEPLOYMENT_TARGET = 13.0;
				ONLY_ACTIVE_ARCH = YES;
				SDKROOT = macosx;
				SWIFT_ACTIVE_COMPILATION_CONDITIONS = DEBUG;
				SWIFT_OPTIMIZATION_LEVEL = "-Onone";
			};
			name = Debug;
		};
		CCCC000C000000000000CCCC /* Release */ = {
			isa = XCBuildConfiguration;
			buildSettings = {
				ALWAYS_SEARCH_USER_PATHS = NO;
				CLANG_ENABLE_MODULES = YES;
				COPY_PHASE_STRIP = YES;
				DEBUG_INFORMATION_FORMAT = "dwarf-with-dsym";
				ENABLE_NS_ASSERTIONS = NO;
				ENABLE_STRICT_OBJC_MSGSEND = YES;
				GCC_NO_COMMON_BLOCKS = YES;
				MACOSX_DEPLOYMENT_TARGET = 13.0;
				SDKROOT = macosx;
				SWIFT_COMPILATION_MODE = wholemodule;
				SWIFT_OPTIMIZATION_LEVEL = "-O";
			};
			name = Release;
		};
		CCCC000D000000000000CCCC /* Debug */ = {
			isa = XCBuildConfiguration;
			buildSettings = {
				DEFINES_MODULE = YES;
				DYLIB_COMPATIBILITY_VERSION = 1;
				DYLIB_CURRENT_VERSION = 1;
				GENERATE_INFOPLIST_FILE = YES;
				INSTALL_PATH = "$(LOCAL_LIBRARY_DIR)/Frameworks";
				LD_RUNPATH_SEARCH_PATHS = "$(inherited) @executable_path/../Frameworks @loader_path/Frameworks";
				MACOSX_DEPLOYMENT_TARGET = 13.0;
				PRODUCT_BUNDLE_IDENTIFIER = "com.xmr.ws.Arithmetic";
				PRODUCT_NAME = "$(TARGET_NAME)";
				SKIP_INSTALL = YES;
				SWIFT_VERSION = 5.0;
			};
			name = Debug;
		};
		CCCC000E000000000000CCCC /* Release */ = {
			isa = XCBuildConfiguration;
			buildSettings = {
				DEFINES_MODULE = YES;
				DYLIB_COMPATIBILITY_VERSION = 1;
				DYLIB_CURRENT_VERSION = 1;
				GENERATE_INFOPLIST_FILE = YES;
				INSTALL_PATH = "$(LOCAL_LIBRARY_DIR)/Frameworks";
				LD_RUNPATH_SEARCH_PATHS = "$(inherited) @executable_path/../Frameworks @loader_path/Frameworks";
				MACOSX_DEPLOYMENT_TARGET = 13.0;
				PRODUCT_BUNDLE_IDENTIFIER = "com.xmr.ws.Arithmetic";
				PRODUCT_NAME = "$(TARGET_NAME)";
				SKIP_INSTALL = YES;
				SWIFT_VERSION = 5.0;
			};
			name = Release;
		};
		CCCC000F000000000000CCCC /* Debug */ = {
			isa = XCBuildConfiguration;
			buildSettings = {
				BUNDLE_LOADER = "$(TEST_HOST)";
				FRAMEWORK_SEARCH_PATHS = "$(inherited) $(BUILT_PRODUCTS_DIR)";
				GENERATE_INFOPLIST_FILE = YES;
				LD_RUNPATH_SEARCH_PATHS = "$(inherited) @executable_path/../Frameworks @loader_path/../Frameworks";
				MACOSX_DEPLOYMENT_TARGET = 13.0;
				PRODUCT_BUNDLE_IDENTIFIER = "com.xmr.ArithmeticTests";
				PRODUCT_NAME = "$(TARGET_NAME)";
				SWIFT_VERSION = 5.0;
				TEST_HOST = "";
			};
			name = Debug;
		};
		CCCC0010000000000000CCCC /* Release */ = {
			isa = XCBuildConfiguration;
			buildSettings = {
				BUNDLE_LOADER = "$(TEST_HOST)";
				FRAMEWORK_SEARCH_PATHS = "$(inherited) $(BUILT_PRODUCTS_DIR)";
				GENERATE_INFOPLIST_FILE = YES;
				LD_RUNPATH_SEARCH_PATHS = "$(inherited) @executable_path/../Frameworks @loader_path/../Frameworks";
				MACOSX_DEPLOYMENT_TARGET = 13.0;
				PRODUCT_BUNDLE_IDENTIFIER = "com.xmr.ArithmeticTests";
				PRODUCT_NAME = "$(TARGET_NAME)";
				SWIFT_VERSION = 5.0;
				TEST_HOST = "";
			};
			name = Release;
		};
/* End XCBuildConfiguration section */

/* Begin XCConfigurationList section */
		CCCC0008000000000000CCCC /* Build configuration list for PBXProject "Arithmetic" */ = {
			isa = XCConfigurationList;
			buildConfigurations = (
				CCCC000B000000000000CCCC /* Debug */,
				CCCC000C000000000000CCCC /* Release */,
			);
			defaultConfigurationIsVisible = 0;
			defaultConfigurationName = Release;
		};
		CCCC0009000000000000CCCC /* Build configuration list for PBXNativeTarget "Arithmetic" */ = {
			isa = XCConfigurationList;
			buildConfigurations = (
				CCCC000D000000000000CCCC /* Debug */,
				CCCC000E000000000000CCCC /* Release */,
			);
			defaultConfigurationIsVisible = 0;
			defaultConfigurationName = Release;
		};
		CCCC000A000000000000CCCC /* Build configuration list for PBXNativeTarget "ArithmeticTests" */ = {
			isa = XCConfigurationList;
			buildConfigurations = (
				CCCC000F000000000000CCCC /* Debug */,
				CCCC0010000000000000CCCC /* Release */,
			);
			defaultConfigurationIsVisible = 0;
			defaultConfigurationName = Release;
		};
/* End XCConfigurationList section */

	};
	rootObject = CCCC0001000000000000CCCC /* Project object */;
}
